github.com/Henry-Sarabia/apicalypse v1.0.1 h1:vNHtDfys9aVQ3NGA0nCaaw2rs82QIBPFXsQFQK9H6V4=
github.com/Henry-Sarabia/apicalypse v1.0.1/go.mod h1:elNsoPyACTUScwfjuZc1DLN68zFbeyDo2XlJkF1omts=
github.com/Henry-Sarabia/blank v2.0.0+incompatible h1:JMl1li9aZ0XjcEv/2anvXe4pzvAOEz//mh74t9wOyeE=
github.com/Henry-Sarabia/blank v2.0.0+incompatible/go.mod h1:EKLnM7Lq0E08WmivZuJoo099i07THd4ISgOBs3wOKTw=
github.com/apixu/apixu-go v1.1.1 h1:2qb7cZ4uui/HKjNVsi0EVlU3Pnmq1gSFGoq5lXusT2s=
github.com/apixu/apixu-go v1.1.1/go.mod h1:TSbBaAjTLCbvKwfyIMs9C8vqvFq4ov/TKUcv2mUN+Uk=
github.com/beefsack/go-rate v0.0.0-20180408011153-efa7637bb9b6 h1:KXlsf+qt/X5ttPGEjR0tPH1xaWWoKBEg9Q1THAj2h3I=
github.com/beefsack/go-rate v0.0.0-20180408011153-efa7637bb9b6/go.mod h1:6YNgTHLutezwnBvyneBbwvB8C82y3dcoOj5EQJIdGXA=
github.com/briandowns/openweathermap v0.13.0 h1:Mt+fS6+3q7QjcPu5lNoOVpJQfzs62QJ78gd4QzoS+MA=
github.com/briandowns/openweathermap v0.13.0/go.mod h1:8g1Bgq9PbPpXIA3sdlWmWf2JpiWGJee/O4Q+ddYO6+k=
github.com/cenkalti/backoff v2.1.0+incompatible h1:FIRvWBZrzS4YC7NT5cOuZjexzFvIr+Dbi6aD1cZaNBk=
github.com/cenkalti/backoff v2.1.0+incompatible/go.mod h1:90ReRw6GdpyfrHakVjL/QHaoyV4aDUVVkXQJJJ3NXXM=
github.com/davecgh/go-spew v1.1.1/go.mod h1:J7Y8YcW2NihsgmVo/mv3lAwl/skON4iLHjSsI+c5H38=
github.com/davidscholberg/go-durationfmt v0.0.0-20170122144659-64843a2083d3 h1:qshMBFxVjYjzI+kwvWvgoByF3uMCvnJiaK8KslWAbr8=
github.com/davidscholberg/go-durationfmt v0.0.0-20170122144659-64843a2083d3/go.mod h1:M9fx6rAdHSYLKxXPgUXGgblb586CA7ceNrpu4DEc2No=
github.com/dghubble/go-twitter v0.0.0-20181218060016-7ecc41c771b6 h1:zo99U7R0f+s5yhP5zerztS2ZejW2shkLHH9bAUHx3Zk=
github.com/dghubble/go-twitter v0.0.0-20181218060016-7ecc41c771b6/go.mod h1:6beqTZaXeBPti9pDBcBEqxfJc7uCbSafqZPRDPQOKoM=
github.com/dghubble/sling v1.2.0 h1:PYGS9ofwbV9nfhB1kYjB1vtXshMxlp2oQxTMMXVJ5pE=
github.com/dghubble/sling v1.2.0/go.mod h1:ZcPRuLm0qrcULW2gOrjXrAWgf76sahqSyxXyVOvkunE=
github.com/dustin/go-humanize v1.0.0 h1:VSnTsYCnlFHaM2/igO1h6X3HA71jcobQuxemgkq4zYo=
github.com/dustin/go-humanize v1.0.0/go.mod h1:HtrtbFcZ19U5GC7JDqmcUSB87Iq5E25KnS6fMYU6eOk=
github.com/fluffle/goirc v1.0.1 h1:YHBfWIXSFgABz8dbijvOIKucFejnbHdk78+r2z/6B/Q=
github.com/fluffle/goirc v1.0.1/go.mod h1:bm91JNJ5r070PbWm8uG9UDcy9GJxvB6fmVuHDttWwR4=
github.com/fluffle/golog v1.0.2/go.mod h1:TKZoUh/MNb9worAhWP158Ol0TXc5EfhMJK/qB/7j+Ko=
github.com/gocarina/gocsv v0.0.0-20200309095354-8a990db7f06b h1:99p364CtBAErEKMGzzsXWpaldxEh/uKCscoC2jzP6x8=
github.com/gocarina/gocsv v0.0.0-20200309095354-8a990db7f06b/go.mod h1:5YoVOkjYAQumqlV356Hj3xeYh4BdZuLE0/nRkf2NKkI=
github.com/golang/glog v0.0.0-20160126235308-23def4e6c14b/go.mod h1:SBH7ygxi8pfUlaOkMMuAQtPIUF8ecWP5IEl/CR7VP2Q=
github.com/golang/mock v1.1.1 h1:G5FRp8JnTd7RQH5kemVNlMeyXQAztQ3mOWV95KxsXH8=
github.com/golang/mock v1.1.1/go.mod h1:oTYuIxOrZwtPieC+H1uAHpcLFnEyAGVDL/k47Jfbm0A=
github.com/google/go-querystring v1.0.0 h1:Xkwi/a1rcvNg1PPYe5vI8GbeBY/jrVuDX5ASuANWTrk=
github.com/google/go-querystring v1.0.0/go.mod h1:odCYkC5MyYFN7vkCjXpyrEuKhc/BUO6wN/zVPAxq5ck=
github.com/jzelinskie/geddit v0.0.0-20181001045958-34240685d019 h1:8iAcOBYa5QKP3SBDG3VDn9dgMwIw1etdK7/Q4Q+4srM=
github.com/jzelinskie/geddit v0.0.0-20181001045958-34240685d019/go.mod h1:KiUhpHWSO6xCSPYKhRXa1LDLtbxZKaFH4NINTP3Lm2Q=
github.com/kaelanb/newsapi-go v0.0.0-20180513212549-00c6a4ff2d43 h1:8kUqYPO/arm3J8brF1pYdOBu5GExfSqzlhEVj2P9upU=
github.com/kaelanb/newsapi-go v0.0.0-20180513212549-00c6a4ff2d43/go.mod h1:fJDjWLw1WaDGmdJnCzRLqgMF7kji3qpTNjt0qRXqVxY=
github.com/konsorten/go-windows-terminal-sequences v1.0.1/go.mod h1:T0+1ngSBFLxvqU3pZ+m/2kptfBszLMUkC4ZK/EgS/cQ=
github.com/lib/pq v1.0.0 h1:X5PMW56eZitiTeO7tKzZxFCSpbFZJtkMMooicw2us9A=
github.com/lib/pq v1.0.0/go.mod h1:5WUZQaWbwv1U+lTReE5YruASi9Al49XbQIvNi/34Woo=
github.com/pkg/errors v0.8.0 h1:WdK/asTD0HN+q6hsWO3/vpuAkAr+tw6aNJNDFFf0+qw=
github.com/pkg/errors v0.8.0/go.mod h1:bwawxfHBFNV+L2hUp1rHADufV3IMtnDRdf1r5NINEl0=
github.com/pmezard/go-difflib v1.0.0/go.mod h1:iKH77koFhYxTK1pcRnkKkqfTogsbg7gZNVY4sRDYZ/4=
github.com/rollbar/rollbar-go v1.1.0 h1:3ysiHp3ep8W50ykgBMCKXJGaK2Jdivru7SW9EYfAo+M=
github.com/rollbar/rollbar-go v1.1.0/go.mod h1:AcFs5f0I+c71bpHlXNNDbOWJiKwjFDtISeXco0L5PKQ=
github.com/sirupsen/logrus v1.2.0 h1:juTguoYk5qI21pwyTXY3B3Y5cOTH3ZUyZCg1v/mihuo=
github.com/sirupsen/logrus v1.2.0/go.mod h1:LxeOpSwHxABJmUn/MG1IvRgCAasNZTLOkJPxbbu5VWo=
github.com/stretchr/objx v0.1.1/go.mod h1:HFkY916IF+rwdDfMAkV7OtwuqBVzrE8GR6GFx+wExME=
github.com/stretchr/testify v1.2.2/go.mod h1:a8OnRcib4nhh0OaRAV+Yts87kKdq0PP7pXfy6kDkUVs=
golang.org/x/crypto v0.0.0-20180904163835-0709b304e793 h1:u+LnwYTOOW7Ukr/fppxEb1Nwz0AtPflrblfvUudpo+I=
golang.org/x/crypto v0.0.0-20180904163835-0709b304e793/go.mod h1:6SG95UA2DQfeDnfUPMdvaQW0Q7yPrPDi9nlGo2tz2b4=
golang.org/x/net v0.0.0-20180926154720-4dfa2610cdf3 h1:dgd4x4kJt7G4k4m93AYLzM8Ni6h2qLTfh9n9vXJT3/0=
golang.org/x/net v0.0.0-20180926154720-4dfa2610cdf3/go.mod h1:mL1N/T3taQHkDXs73rZJwtUhF3w3ftmwwsq0BUmARs4=
golang.org/x/oauth2 v0.0.0-20181203162652-d668ce993890 h1:uESlIz09WIHT2I+pasSXcpLYqYK8wHcdCetU3VuMBJE=
golang.org/x/oauth2 v0.0.0-20181203162652-d668ce993890/go.mod h1:N/0e6XlmueqKjAGxoOufVs8QHGRruUQn6yWY3a++T0U=
golang.org/x/sys v0.0.0-20180905080454-ebe1bf3edb33 h1:I6FyU15t786LL7oL/hn43zqTuEGr4PN7F4XJ1p4E3Y8=
golang.org/x/sys v0.0.0-20180905080454-ebe1bf3edb33/go.mod h1:STP8DvDyc/dI5b8T5hshtkjS+E42TnysNCUPdjciGhY=
